
Microsoft Visual Studio Solution File, Format Version 12.00
# Visual Studio 14
VisualStudioVersion = 14.0.25420.1
MinimumVisualStudioVersion = 10.0.40219.1
Project("{FAE04EC0-301F-11D3-BF4B-00C04F79EFBC}") = "Crexi.WeatherForecast", "Crexi.WeatherForecast\Crexi.WeatherForecast.csproj", "{33EDC194-9863-49BC-AE72-C2FC5554F45C}"
EndProject
Project("{FAE04EC0-301F-11D3-BF4B-00C04F79EFBC}") = "Crexi.WeatherForecast.Tests", "Crexi.WeatherForecast.Tests\Crexi.WeatherForecast.Tests.csproj", "{03A6AA2C-C4B7-4AEA-9EDC-4E83C3D64B0B}"
EndProject
Project("{FAE04EC0-301F-11D3-BF4B-00C04F79EFBC}") = "Crexi.WeatherForecast.Shared", "Crexi.WeatherForecast.Shared\Crexi.WeatherForecast.Shared.csproj", "{C7B2163B-906D-446C-8C83-4876DEB4C43C}"
EndProject
Project("{FAE04EC0-301F-11D3-BF4B-00C04F79EFBC}") = "Crexi.WeatherForecast.Common", "Crexi.WeatherForecast.Common\Crexi.WeatherForecast.Common.csproj", "{D9653F10-3BDD-4B68-AF9B-3A1FB5706A07}"
EndProject
Project("{00D1A9C2-B5F0-4AF3-8072-F6C62B433612}") = "Crexi.WeatherForecast.DB", "Crexi.WeatherForecast.DB\Crexi.WeatherForecast.DB.sqlproj", "{F08FBECB-38AE-4D55-B16E-5FCFF9F39217}"
EndProject
Project("{2150E333-8FDC-42A3-9474-1A3956D46DE8}") = "DB", "DB", "{469BD456-6E7F-4091-8327-7D80392B80F2}"
EndProject
Project("{FAE04EC0-301F-11D3-BF4B-00C04F79EFBC}") = "Crexi.WeatherForecast.Service", "Crexi.WeatherForecast.Service\Crexi.WeatherForecast.Service.csproj", "{E8412237-092D-42FD-92F0-48DC743041F5}"
EndProject
Project("{FAE04EC0-301F-11D3-BF4B-00C04F79EFBC}") = "Crexi.WeatherForecast.Dao", "Crexi.WeatherForecast.Dao\Crexi.WeatherForecast.Dao.csproj", "{2B3EBEB9-A1D8-464D-AEE8-755E6BCF3138}"
EndProject
Global
	GlobalSection(SolutionConfigurationPlatforms) = preSolution
		Debug|Any CPU = Debug|Any CPU
		Release|Any CPU = Release|Any CPU
	EndGlobalSection
	GlobalSection(ProjectConfigurationPlatforms) = postSolution
		{33EDC194-9863-49BC-AE72-C2FC5554F45C}.Debug|Any CPU.ActiveCfg = Debug|Any CPU
		{33EDC194-9863-49BC-AE72-C2FC5554F45C}.Debug|Any CPU.Build.0 = Debug|Any CPU
		{33EDC194-9863-49BC-AE72-C2FC5554F45C}.Release|Any CPU.ActiveCfg = Release|Any CPU
		{33EDC194-9863-49BC-AE72-C2FC5554F45C}.Release|Any CPU.Build.0 = Release|Any CPU
		{03A6AA2C-C4B7-4AEA-9EDC-4E83C3D64B0B}.Debug|Any CPU.ActiveCfg = Debug|Any CPU
		{03A6AA2C-C4B7-4AEA-9EDC-4E83C3D64B0B}.Debug|Any CPU.Build.0 = Debug|Any CPU
		{03A6AA2C-C4B7-4AEA-9EDC-4E83C3D64B0B}.Release|Any CPU.ActiveCfg = Release|Any CPU
		{03A6AA2C-C4B7-4AEA-9EDC-4E83C3D64B0B}.Release|Any CPU.Build.0 = Release|Any CPU
		{C7B2163B-906D-446C-8C83-4876DEB4C43C}.Debug|Any CPU.ActiveCfg = Debug|Any CPU
		{C7B2163B-906D-446C-8C83-4876DEB4C43C}.Debug|Any CPU.Build.0 = Debug|Any CPU
		{C7B2163B-906D-446C-8C83-4876DEB4C43C}.Release|Any CPU.ActiveCfg = Release|Any CPU
		{C7B2163B-906D-446C-8C83-4876DEB4C43C}.Release|Any CPU.Build.0 = Release|Any CPU
		{D9653F10-3BDD-4B68-AF9B-3A1FB5706A07}.Debug|Any CPU.ActiveCfg = Debug|Any CPU
		{D9653F10-3BDD-4B68-AF9B-3A1FB5706A07}.Debug|Any CPU.Build.0 = Debug|Any CPU
		{D9653F10-3BDD-4B68-AF9B-3A1FB5706A07}.Release|Any CPU.ActiveCfg = Release|Any CPU
		{D9653F10-3BDD-4B68-AF9B-3A1FB5706A07}.Release|Any CPU.Build.0 = Release|Any CPU
		{F08FBECB-38AE-4D55-B16E-5FCFF9F39217}.Debug|Any CPU.ActiveCfg = Debug|Any CPU
		{F08FBECB-38AE-4D55-B16E-5FCFF9F39217}.Debug|Any CPU.Build.0 = Debug|Any CPU
		{F08FBECB-38AE-4D55-B16E-5FCFF9F39217}.Debug|Any CPU.Deploy.0 = Debug|Any CPU
		{F08FBECB-38AE-4D55-B16E-5FCFF9F39217}.Release|Any CPU.ActiveCfg = Release|Any CPU
		{F08FBECB-38AE-4D55-B16E-5FCFF9F39217}.Release|Any CPU.Build.0 = Release|Any CPU
		{F08FBECB-38AE-4D55-B16E-5FCFF9F39217}.Release|Any CPU.Deploy.0 = Release|Any CPU
		{E8412237-092D-42FD-92F0-48DC743041F5}.Debug|Any CPU.ActiveCfg = Debug|Any CPU
		{E8412237-092D-42FD-92F0-48DC743041F5}.Debug|Any CPU.Build.0 = Debug|Any CPU
		{E8412237-092D-42FD-92F0-48DC743041F5}.Release|Any CPU.ActiveCfg = Release|Any CPU
		{E8412237-092D-42FD-92F0-48DC743041F5}.Release|Any CPU.Build.0 = Release|Any CPU
		{2B3EBEB9-A1D8-464D-AEE8-755E6BCF3138}.Debug|Any CPU.ActiveCfg = Debug|Any CPU
		{2B3EBEB9-A1D8-464D-AEE8-755E6BCF3138}.Debug|Any CPU.Build.0 = Debug|Any CPU
		{2B3EBEB9-A1D8-464D-AEE8-755E6BCF3138}.Release|Any CPU.ActiveCfg = Release|Any CPU
		{2B3EBEB9-A1D8-464D-AEE8-755E6BCF3138}.Release|Any CPU.Build.0 = Release|Any CPU
	EndGlobalSection
	GlobalSection(SolutionProperties) = preSolution
		HideSolutionNode = FALSE
	EndGlobalSection
	GlobalSection(NestedProjects) = preSolution
		{F08FBECB-38AE-4D55-B16E-5FCFF9F39217} = {469BD456-6E7F-4091-8327-7D80392B80F2}
	EndGlobalSection
EndGlobal
